
Microsoft Visual Studio Solution File, Format Version 12.00
# Visual Studio Version 17
VisualStudioVersion = 17.2.32616.157
MinimumVisualStudioVersion = 10.0.40219.1
Project("{9A19103F-16F7-4668-BE54-9A1E7A4F7556}") = "SU_SOLID", "SU_SOLID\SU_SOLID.csproj", "{39D90F19-C794-4EF9-8503-9341ED151612}"
EndProject
Project("{9A19103F-16F7-4668-BE54-9A1E7A4F7556}") = "Task1", "Task1\Task1.csproj", "{0F59E5E1-E599-4365-B474-D6A8AD8EB380}"
EndProject
Project("{9A19103F-16F7-4668-BE54-9A1E7A4F7556}") = "Task2", "Task2\Task2.csproj", "{3AAC8587-DD46-4E3D-92DE-93DDDDDEB441}"
EndProject
Project("{9A19103F-16F7-4668-BE54-9A1E7A4F7556}") = "Task3", "Task3\Task3.csproj", "{2A1182A1-0C10-4A93-BF32-BA85957A0D58}"
EndProject
Project("{FAE04EC0-301F-11D3-BF4B-00C04F79EFBC}") = "Task6", "Task6\Task6.csproj", "{391C2F2E-FFEF-4EA4-B4C9-5F8E3E7C8D31}"
EndProject
Global
	GlobalSection(SolutionConfigurationPlatforms) = preSolution
		Debug|Any CPU = Debug|Any CPU
		Release|Any CPU = Release|Any CPU
	EndGlobalSection
	GlobalSection(ProjectConfigurationPlatforms) = postSolution
		{39D90F19-C794-4EF9-8503-9341ED151612}.Debug|Any CPU.ActiveCfg = Debug|Any CPU
		{39D90F19-C794-4EF9-8503-9341ED151612}.Debug|Any CPU.Build.0 = Debug|Any CPU
		{39D90F19-C794-4EF9-8503-9341ED151612}.Release|Any CPU.ActiveCfg = Release|Any CPU
		{39D90F19-C794-4EF9-8503-9341ED151612}.Release|Any CPU.Build.0 = Release|Any CPU
		{0F59E5E1-E599-4365-B474-D6A8AD8EB380}.Debug|Any CPU.ActiveCfg = Debug|Any CPU
		{0F59E5E1-E599-4365-B474-D6A8AD8EB380}.Debug|Any CPU.Build.0 = Debug|Any CPU
		{0F59E5E1-E599-4365-B474-D6A8AD8EB380}.Release|Any CPU.ActiveCfg = Release|Any CPU
		{0F59E5E1-E599-4365-B474-D6A8AD8EB380}.Release|Any CPU.Build.0 = Release|Any CPU
		{3AAC8587-DD46-4E3D-92DE-93DDDDDEB441}.Debug|Any CPU.ActiveCfg = Debug|Any CPU
		{3AAC8587-DD46-4E3D-92DE-93DDDDDEB441}.Debug|Any CPU.Build.0 = Debug|Any CPU
		{3AAC8587-DD46-4E3D-92DE-93DDDDDEB441}.Release|Any CPU.ActiveCfg = Release|Any CPU
		{3AAC8587-DD46-4E3D-92DE-93DDDDDEB441}.Release|Any CPU.Build.0 = Release|Any CPU
		{2A1182A1-0C10-4A93-BF32-BA85957A0D58}.Debug|Any CPU.ActiveCfg = Debug|Any CPU
		{2A1182A1-0C10-4A93-BF32-BA85957A0D58}.Debug|Any CPU.Build.0 = Debug|Any CPU
		{2A1182A1-0C10-4A93-BF32-BA85957A0D58}.Release|Any CPU.ActiveCfg = Release|Any CPU
		{2A1182A1-0C10-4A93-BF32-BA85957A0D58}.Release|Any CPU.Build.0 = Release|Any CPU
		{391C2F2E-FFEF-4EA4-B4C9-5F8E3E7C8D31}.Debug|Any CPU.ActiveCfg = Debug|Any CPU
		{391C2F2E-FFEF-4EA4-B4C9-5F8E3E7C8D31}.Debug|Any CPU.Build.0 = Debug|Any CPU
		{391C2F2E-FFEF-4EA4-B4C9-5F8E3E7C8D31}.Release|Any CPU.ActiveCfg = Release|Any CPU
		{391C2F2E-FFEF-4EA4-B4C9-5F8E3E7C8D31}.Release|Any CPU.Build.0 = Release|Any CPU
	EndGlobalSection
	GlobalSection(SolutionProperties) = preSolution
		HideSolutionNode = FALSE
	EndGlobalSection
	GlobalSection(ExtensibilityGlobals) = postSolution
		SolutionGuid = {7239BA1D-1364-41AE-8621-521BC6001641}
	EndGlobalSection
EndGlobal
